
Microsoft Visual Studio Solution File, Format Version 12.00
# Visual Studio Version 17
VisualStudioVersion = 17.8.34309.116
MinimumVisualStudioVersion = 10.0.40219.1
Project("{9A19103F-16F7-4668-BE54-9A1E7A4F7556}") = "GreenTeaReversi", "GreenTeaReversi\GreenTeaReversi.csproj", "{7AA4AA41-41DB-468C-A834-47618D9410B0}"
EndProject
Project("{9A19103F-16F7-4668-BE54-9A1E7A4F7556}") = "ConsoleReversi", "ConsoleReversi\ConsoleReversi.csproj", "{6F80582A-1F54-4A85-9CEE-931E24DFE2BD}"
EndProject
Project("{9A19103F-16F7-4668-BE54-9A1E7A4F7556}") = "GreenTeaReversiTests", "GreenTeaReversiTests\GreenTeaReversiTests.csproj", "{F307DF63-D3EB-4A2F-9EB2-63B82AA98824}"
EndProject
Project("{FAE04EC0-301F-11D3-BF4B-00C04F79EFBC}") = "GreenTeaReversiAIBots", "GreenTeaReversiAIBots\GreenTeaReversiAIBots.csproj", "{42277AFB-2372-4FA5-B244-C3A06165D522}"
EndProject
Project("{FAE04EC0-301F-11D3-BF4B-00C04F79EFBC}") = "BatchRunner", "BatchRunner\BatchRunner.csproj", "{B112A05B-6770-479D-8835-4A44CB815295}"
EndProject
Global
	GlobalSection(SolutionConfigurationPlatforms) = preSolution
		Debug|Any CPU = Debug|Any CPU
		Release|Any CPU = Release|Any CPU
	EndGlobalSection
	GlobalSection(ProjectConfigurationPlatforms) = postSolution
		{7AA4AA41-41DB-468C-A834-47618D9410B0}.Debug|Any CPU.ActiveCfg = Debug|Any CPU
		{7AA4AA41-41DB-468C-A834-47618D9410B0}.Debug|Any CPU.Build.0 = Debug|Any CPU
		{7AA4AA41-41DB-468C-A834-47618D9410B0}.Release|Any CPU.ActiveCfg = Release|Any CPU
		{7AA4AA41-41DB-468C-A834-47618D9410B0}.Release|Any CPU.Build.0 = Release|Any CPU
		{6F80582A-1F54-4A85-9CEE-931E24DFE2BD}.Debug|Any CPU.ActiveCfg = Debug|Any CPU
		{6F80582A-1F54-4A85-9CEE-931E24DFE2BD}.Debug|Any CPU.Build.0 = Debug|Any CPU
		{6F80582A-1F54-4A85-9CEE-931E24DFE2BD}.Release|Any CPU.ActiveCfg = Release|Any CPU
		{6F80582A-1F54-4A85-9CEE-931E24DFE2BD}.Release|Any CPU.Build.0 = Release|Any CPU
		{F307DF63-D3EB-4A2F-9EB2-63B82AA98824}.Debug|Any CPU.ActiveCfg = Debug|Any CPU
		{F307DF63-D3EB-4A2F-9EB2-63B82AA98824}.Debug|Any CPU.Build.0 = Debug|Any CPU
		{F307DF63-D3EB-4A2F-9EB2-63B82AA98824}.Release|Any CPU.ActiveCfg = Release|Any CPU
		{F307DF63-D3EB-4A2F-9EB2-63B82AA98824}.Release|Any CPU.Build.0 = Release|Any CPU
		{42277AFB-2372-4FA5-B244-C3A06165D522}.Debug|Any CPU.ActiveCfg = Debug|Any CPU
		{42277AFB-2372-4FA5-B244-C3A06165D522}.Debug|Any CPU.Build.0 = Debug|Any CPU
		{42277AFB-2372-4FA5-B244-C3A06165D522}.Release|Any CPU.ActiveCfg = Release|Any CPU
		{42277AFB-2372-4FA5-B244-C3A06165D522}.Release|Any CPU.Build.0 = Release|Any CPU
		{B112A05B-6770-479D-8835-4A44CB815295}.Debug|Any CPU.ActiveCfg = Debug|Any CPU
		{B112A05B-6770-479D-8835-4A44CB815295}.Debug|Any CPU.Build.0 = Debug|Any CPU
		{B112A05B-6770-479D-8835-4A44CB815295}.Release|Any CPU.ActiveCfg = Release|Any CPU
		{B112A05B-6770-479D-8835-4A44CB815295}.Release|Any CPU.Build.0 = Release|Any CPU
	EndGlobalSection
	GlobalSection(SolutionProperties) = preSolution
		HideSolutionNode = FALSE
	EndGlobalSection
	GlobalSection(ExtensibilityGlobals) = postSolution
		SolutionGuid = {CDB5EBA8-566C-4354-9B8C-80EB5C6ED7FB}
	EndGlobalSection
EndGlobal
